{
    "_readme": [
        "This file locks the dependencies of your project to a known state",
        "Read more about it at https://getcomposer.org/doc/01-basic-usage.md#installing-dependencies",
        "This file is @generated automatically"
    ],
    "content-hash": "c26ba8842bfee8a4998847951d45c22e",
    "packages": [],
    "packages-dev": [
        {
            "name": "psalm/phar",
            "version": "6.17.2",
            "source": {
                "type": "git",
                "url": "https://github.com/psalm/phar.git",
                "reference": "137b7320079680dbc6b7ec560605d9fc9a821fbd"
            },
            "dist": {
                "type": "zip",
                "url": "https://api.github.com/repos/psalm/phar/zipball/137b7320079680dbc6b7ec560605d9fc9a821fbd",
                "reference": "137b7320079680dbc6b7ec560605d9fc9a821fbd",
                "shasum": ""
            },
            "require": {
                "php": "^8.2"
            },
            "conflict": {
                "vimeo/psalm": "*"
            },
            "bin": [
                "psalm.phar"
            ],
            "type": "library",
            "notification-url": "https://packagist.org/downloads/",
            "license": [
                "MIT"
            ],
            "description": "Composer-based Psalm Phar",
            "support": {
                "issues": "https://github.com/psalm/phar/issues",
                "source": "https://github.com/psalm/phar/tree/6.17.2"
            },
            "time": "2026-09-15T12:46:28+00:00"
        }
    ],
    "aliases": [],
    "minimum-stability": "stable",
    "stability-flags": {},
    "prefer-stable": false,
    "prefer-lowest": false,
    "platform": {},
    "platform-dev": {},
    "plugin-api-version": "2.9.0"
}
